
Microsoft Visual Studio Solution File, Format Version 12.00
# Visual Studio 15
VisualStudioVersion = 15.0.28307.705
MinimumVisualStudioVersion = 10.0.40219.1
Project("{FAE04EC0-301F-11D3-BF4B-00C04F79EFBC}") = "LogCustom", "LogCustom\LogCustom.csproj", "{C60AF321-4F09-4FA0-84CD-5B7D90B16403}"
EndProject
Project("{FAE04EC0-301F-11D3-BF4B-00C04F79EFBC}") = "Log4Net", "Log4Net\Log4Net.csproj", "{8ED9824D-FDF6-4AF5-B418-E18A4899B90B}"
EndProject
Global
	GlobalSection(SolutionConfigurationPlatforms) = preSolution
		Debug|Any CPU = Debug|Any CPU
		Release|Any CPU = Release|Any CPU
	EndGlobalSection
	GlobalSection(ProjectConfigurationPlatforms) = postSolution
		{C60AF321-4F09-4FA0-84CD-5B7D90B16403}.Debug|Any CPU.ActiveCfg = Debug|Any CPU
		{C60AF321-4F09-4FA0-84CD-5B7D90B16403}.Debug|Any CPU.Build.0 = Debug|Any CPU
		{C60AF321-4F09-4FA0-84CD-5B7D90B16403}.Release|Any CPU.ActiveCfg = Release|Any CPU
		{C60AF321-4F09-4FA0-84CD-5B7D90B16403}.Release|Any CPU.Build.0 = Release|Any CPU
		{8ED9824D-FDF6-4AF5-B418-E18A4899B90B}.Debug|Any CPU.ActiveCfg = Debug|Any CPU
		{8ED9824D-FDF6-4AF5-B418-E18A4899B90B}.Debug|Any CPU.Build.0 = Debug|Any CPU
		{8ED9824D-FDF6-4AF5-B418-E18A4899B90B}.Release|Any CPU.ActiveCfg = Release|Any CPU
		{8ED9824D-FDF6-4AF5-B418-E18A4899B90B}.Release|Any CPU.Build.0 = Release|Any CPU
	EndGlobalSection
	GlobalSection(SolutionProperties) = preSolution
		HideSolutionNode = FALSE
	EndGlobalSection
	GlobalSection(ExtensibilityGlobals) = postSolution
		SolutionGuid = {63D06C46-D38F-4C10-908F-C9D9566BD38A}
	EndGlobalSection
EndGlobal
